// !$*UTF8*$!
{
	archiveVersion = 1;
	classes = {
	};
	objectVersion = 46;
	objects = {

/* Begin PBXBuildFile section */
		007F713E619B81D821BEA319 /* ofxFftBasic.cpp in Sources */ = {isa = PBXBuildFile; fileRef = CE67198F2891A8FFEA3686E6 /* ofxFftBasic.cpp */; };
		0686C38EE993C67B96002FA1 /* kiss_fft.c in Sources */ = {isa = PBXBuildFile; fileRef = 4B053B6F1252BCFCFF0F59AC /* kiss_fft.c */; };
		29938E05AF78B3DF7A591187 /* ofxFftw.cpp in Sources */ = {isa = PBXBuildFile; fileRef = 5F353204A917F4B2BCEEABE6 /* ofxFftw.cpp */; };
		47741AD4D543009E4DF29CEA /* ofxProcessFFT.cpp in Sources */ = {isa = PBXBuildFile; fileRef = 971B530AB93ACC5065D9489E /* ofxProcessFFT.cpp */; };
		509793711DFD56990011AE08 /* libboost_atomic-mt.dylib in Frameworks */ = {isa = PBXBuildFile; fileRef = 509793381DFD56980011AE08 /* libboost_atomic-mt.dylib */; };
		509793721DFD56990011AE08 /* libboost_chrono-mt.dylib in Frameworks */ = {isa = PBXBuildFile; fileRef = 509793391DFD56980011AE08 /* libboost_chrono-mt.dylib */; };
		509793731DFD56990011AE08 /* libboost_chrono.dylib in Frameworks */ = {isa = PBXBuildFile; fileRef = 5097933A1DFD56980011AE08 /* libboost_chrono.dylib */; };
		509793741DFD56990011AE08 /* libboost_container-mt.dylib in Frameworks */ = {isa = PBXBuildFile; fileRef = 5097933B1DFD56980011AE08 /* libboost_container-mt.dylib */; };
		509793751DFD56990011AE08 /* libboost_container.dylib in Frameworks */ = {isa = PBXBuildFile; fileRef = 5097933C1DFD56980011AE08 /* libboost_container.dylib */; };
		509793761DFD56990011AE08 /* libboost_context-mt.dylib in Frameworks */ = {isa = PBXBuildFile; fileRef = 5097933D1DFD56980011AE08 /* libboost_context-mt.dylib */; };
		509793771DFD56990011AE08 /* libboost_coroutine-mt.dylib in Frameworks */ = {isa = PBXBuildFile; fileRef = 5097933E1DFD56980011AE08 /* libboost_coroutine-mt.dylib */; };
		509793781DFD56990011AE08 /* libboost_coroutine.dylib in Frameworks */ = {isa = PBXBuildFile; fileRef = 5097933F1DFD56980011AE08 /* libboost_coroutine.dylib */; };
		509793791DFD56990011AE08 /* libboost_date_time-mt.dylib in Frameworks */ = {isa = PBXBuildFile; fileRef = 509793401DFD56980011AE08 /* libboost_date_time-mt.dylib */; };
		5097937A1DFD56990011AE08 /* libboost_date_time.dylib in Frameworks */ = {isa = PBXBuildFile; fileRef = 509793411DFD56980011AE08 /* libboost_date_time.dylib */; };
		5097937B1DFD56990011AE08 /* libboost_filesystem-mt.dylib in Frameworks */ = {isa = PBXBuildFile; fileRef = 509793421DFD56980011AE08 /* libboost_filesystem-mt.dylib */; };
		5097937C1DFD56990011AE08 /* libboost_filesystem.dylib in Frameworks */ = {isa = PBXBuildFile; fileRef = 509793431DFD56980011AE08 /* libboost_filesystem.dylib */; };
		5097937D1DFD56990011AE08 /* libboost_graph-mt.dylib in Frameworks */ = {isa = PBXBuildFile; fileRef = 509793441DFD56980011AE08 /* libboost_graph-mt.dylib */; };
		5097937E1DFD56990011AE08 /* libboost_graph.dylib in Frameworks */ = {isa = PBXBuildFile; fileRef = 509793451DFD56980011AE08 /* libboost_graph.dylib */; };
		5097937F1DFD56990011AE08 /* libboost_iostreams-mt.dylib in Frameworks */ = {isa = PBXBuildFile; fileRef = 509793461DFD56980011AE08 /* libboost_iostreams-mt.dylib */; };
		509793801DFD56990011AE08 /* libboost_iostreams.dylib in Frameworks */ = {isa = PBXBuildFile; fileRef = 509793471DFD56980011AE08 /* libboost_iostreams.dylib */; };
		509793811DFD56990011AE08 /* libboost_locale-mt.dylib in Frameworks */ = {isa = PBXBuildFile; fileRef = 509793481DFD56980011AE08 /* libboost_locale-mt.dylib */; };
		509793821DFD56990011AE08 /* libboost_log_setup-mt.dylib in Frameworks */ = {isa = PBXBuildFile; fileRef = 509793491DFD56980011AE08 /* libboost_log_setup-mt.dylib */; };
		509793831DFD56990011AE08 /* libboost_log_setup.dylib in Frameworks */ = {isa = PBXBuildFile; fileRef = 5097934A1DFD56980011AE08 /* libboost_log_setup.dylib */; };
		509793841DFD56990011AE08 /* libboost_log-mt.dylib in Frameworks */ = {isa = PBXBuildFile; fileRef = 5097934B1DFD56980011AE08 /* libboost_log-mt.dylib */; };
		509793851DFD56990011AE08 /* libboost_log.dylib in Frameworks */ = {isa = PBXBuildFile; fileRef = 5097934C1DFD56980011AE08 /* libboost_log.dylib */; };
		509793861DFD56990011AE08 /* libboost_math_c99-mt.dylib in Frameworks */ = {isa = PBXBuildFile; fileRef = 5097934D1DFD56980011AE08 /* libboost_math_c99-mt.dylib */; };
		509793871DFD56990011AE08 /* libboost_math_c99.dylib in Frameworks */ = {isa = PBXBuildFile; fileRef = 5097934E1DFD56980011AE08 /* libboost_math_c99.dylib */; };
		509793881DFD56990011AE08 /* libboost_math_c99f-mt.dylib in Frameworks */ = {isa = PBXBuildFile; fileRef = 5097934F1DFD56980011AE08 /* libboost_math_c99f-mt.dylib */; };
		509793891DFD56990011AE08 /* libboost_math_c99f.dylib in Frameworks */ = {isa = PBXBuildFile; fileRef = 509793501DFD56980011AE08 /* libboost_math_c99f.dylib */; };
		5097938A1DFD56990011AE08 /* libboost_math_c99l-mt.dylib in Frameworks */ = {isa = PBXBuildFile; fileRef = 509793511DFD56980011AE08 /* libboost_math_c99l-mt.dylib */; };
		5097938B1DFD56990011AE08 /* libboost_math_c99l.dylib in Frameworks */ = {isa = PBXBuildFile; fileRef = 509793521DFD56980011AE08 /* libboost_math_c99l.dylib */; };
		5097938C1DFD56990011AE08 /* libboost_math_tr1-mt.dylib in Frameworks */ = {isa = PBXBuildFile; fileRef = 509793531DFD56980011AE08 /* libboost_math_tr1-mt.dylib */; };
		5097938D1DFD56990011AE08 /* libboost_math_tr1.dylib in Frameworks */ = {isa = PBXBuildFile; fileRef = 509793541DFD56980011AE08 /* libboost_math_tr1.dylib */; };
		5097938E1DFD56990011AE08 /* libboost_math_tr1f-mt.dylib in Frameworks */ = {isa = PBXBuildFile; fileRef = 509793551DFD56980011AE08 /* libboost_math_tr1f-mt.dylib */; };
		5097938F1DFD56990011AE08 /* libboost_math_tr1f.dylib in Frameworks */ = {isa = PBXBuildFile; fileRef = 509793561DFD56980011AE08 /* libboost_math_tr1f.dylib */; };
		509793901DFD56990011AE08 /* libboost_math_tr1l-mt.dylib in Frameworks */ = {isa = PBXBuildFile; fileRef = 509793571DFD56980011AE08 /* libboost_math_tr1l-mt.dylib */; };
		509793911DFD56990011AE08 /* libboost_math_tr1l.dylib in Frameworks */ = {isa = PBXBuildFile; fileRef = 509793581DFD56980011AE08 /* libboost_math_tr1l.dylib */; };
		509793921DFD56990011AE08 /* libboost_prg_exec_monitor-mt.dylib in Frameworks */ = {isa = PBXBuildFile; fileRef = 509793591DFD56980011AE08 /* libboost_prg_exec_monitor-mt.dylib */; };
		509793931DFD56990011AE08 /* libboost_prg_exec_monitor.dylib in Frameworks */ = {isa = PBXBuildFile; fileRef = 5097935A1DFD56980011AE08 /* libboost_prg_exec_monitor.dylib */; };
		509793941DFD56990011AE08 /* libboost_program_options-mt.dylib in Frameworks */ = {isa = PBXBuildFile; fileRef = 5097935B1DFD56980011AE08 /* libboost_program_options-mt.dylib */; };
		509793951DFD56990011AE08 /* libboost_program_options.dylib in Frameworks */ = {isa = PBXBuildFile; fileRef = 5097935C1DFD56980011AE08 /* libboost_program_options.dylib */; };
		509793961DFD56990011AE08 /* libboost_random-mt.dylib in Frameworks */ = {isa = PBXBuildFile; fileRef = 5097935D1DFD56980011AE08 /* libboost_random-mt.dylib */; };
		509793971DFD56990011AE08 /* libboost_random.dylib in Frameworks */ = {isa = PBXBuildFile; fileRef = 5097935E1DFD56980011AE08 /* libboost_random.dylib */; };
		509793981DFD56990011AE08 /* libboost_regex-mt.dylib in Frameworks */ = {isa = PBXBuildFile; fileRef = 5097935F1DFD56980011AE08 /* libboost_regex-mt.dylib */; };
		509793991DFD56990011AE08 /* libboost_regex.dylib in Frameworks */ = {isa = PBXBuildFile; fileRef = 509793601DFD56980011AE08 /* libboost_regex.dylib */; };
		5097939A1DFD56990011AE08 /* libboost_serialization-mt.dylib in Frameworks */ = {isa = PBXBuildFile; fileRef = 509793611DFD56980011AE08 /* libboost_serialization-mt.dylib */; };
		5097939B1DFD56990011AE08 /* libboost_serialization.dylib in Frameworks */ = {isa = PBXBuildFile; fileRef = 509793621DFD56980011AE08 /* libboost_serialization.dylib */; };
		5097939C1DFD56990011AE08 /* libboost_signals-mt.dylib in Frameworks */ = {isa = PBXBuildFile; fileRef = 509793631DFD56980011AE08 /* libboost_signals-mt.dylib */; };
		5097939D1DFD56990011AE08 /* libboost_signals.dylib in Frameworks */ = {isa = PBXBuildFile; fileRef = 509793641DFD56980011AE08 /* libboost_signals.dylib */; };
		5097939E1DFD56990011AE08 /* libboost_system-mt.dylib in Frameworks */ = {isa = PBXBuildFile; fileRef = 509793651DFD56980011AE08 /* libboost_system-mt.dylib */; };
		5097939F1DFD56990011AE08 /* libboost_system.dylib in Frameworks */ = {isa = PBXBuildFile; fileRef = 509793661DFD56980011AE08 /* libboost_system.dylib */; };
		509793A01DFD56990011AE08 /* libboost_thread-mt.dylib in Frameworks */ = {isa = PBXBuildFile; fileRef = 509793671DFD56980011AE08 /* libboost_thread-mt.dylib */; };
		509793A11DFD56990011AE08 /* libboost_timer-mt.dylib in Frameworks */ = {isa = PBXBuildFile; fileRef = 509793681DFD56980011AE08 /* libboost_timer-mt.dylib */; };
		509793A21DFD56990011AE08 /* libboost_timer.dylib in Frameworks */ = {isa = PBXBuildFile; fileRef = 509793691DFD56980011AE08 /* libboost_timer.dylib */; };
		509793A31DFD56990011AE08 /* libboost_type_erasure-mt.dylib in Frameworks */ = {isa = PBXBuildFile; fileRef = 5097936A1DFD56980011AE08 /* libboost_type_erasure-mt.dylib */; };
		509793A41DFD56990011AE08 /* libboost_type_erasure.dylib in Frameworks */ = {isa = PBXBuildFile; fileRef = 5097936B1DFD56980011AE08 /* libboost_type_erasure.dylib */; };
		509793A51DFD56990011AE08 /* libboost_unit_test_framework-mt.dylib in Frameworks */ = {isa = PBXBuildFile; fileRef = 5097936C1DFD56980011AE08 /* libboost_unit_test_framework-mt.dylib */; };
		509793A61DFD56990011AE08 /* libboost_unit_test_framework.dylib in Frameworks */ = {isa = PBXBuildFile; fileRef = 5097936D1DFD56980011AE08 /* libboost_unit_test_framework.dylib */; };
		509793A71DFD56990011AE08 /* libboost_wave-mt.dylib in Frameworks */ = {isa = PBXBuildFile; fileRef = 5097936E1DFD56990011AE08 /* libboost_wave-mt.dylib */; };
		509793A81DFD56990011AE08 /* libboost_wserialization-mt.dylib in Frameworks */ = {isa = PBXBuildFile; fileRef = 5097936F1DFD56990011AE08 /* libboost_wserialization-mt.dylib */; };
		509793A91DFD56990011AE08 /* libboost_wserialization.dylib in Frameworks */ = {isa = PBXBuildFile; fileRef = 509793701DFD56990011AE08 /* libboost_wserialization.dylib */; };
		6DB9E3911BA6216FE1F0E91C /* kiss_fftr.c in Sources */ = {isa = PBXBuildFile; fileRef = DACFE8C08D7F4619176E65D7 /* kiss_fftr.c */; };
		7A61C288AE942E5885881232 /* ofxEasyFft.cpp in Sources */ = {isa = PBXBuildFile; fileRef = 67BFC7F21E824F5A7FAC65E0 /* ofxEasyFft.cpp */; };
		D409288D137DB82107887FFD /* ofxFft.cpp in Sources */ = {isa = PBXBuildFile; fileRef = 32CA89CD22339F4F9433CAF6 /* ofxFft.cpp */; };
		E4328149138ABC9F0047C5CB /* openFrameworksDebug.a in Frameworks */ = {isa = PBXBuildFile; fileRef = E4328148138ABC890047C5CB /* openFrameworksDebug.a */; };
		E4B69E200A3A1BDC003C02F2 /* main.cpp in Sources */ = {isa = PBXBuildFile; fileRef = E4B69E1D0A3A1BDC003C02F2 /* main.cpp */; };
		E4B69E210A3A1BDC003C02F2 /* ofApp.cpp in Sources */ = {isa = PBXBuildFile; fileRef = E4B69E1E0A3A1BDC003C02F2 /* ofApp.cpp */; };
/* End PBXBuildFile section */

/* Begin PBXContainerItemProxy section */
		E4328147138ABC890047C5CB /* PBXContainerItemProxy */ = {
			isa = PBXContainerItemProxy;
			containerPortal = E4328143138ABC890047C5CB /* openFrameworksLib.xcodeproj */;
			proxyType = 2;
			remoteGlobalIDString = E4B27C1510CBEB8E00536013;
			remoteInfo = openFrameworks;
		};
		E4EEB9AB138B136A00A80321 /* PBXContainerItemProxy */ = {
			isa = PBXContainerItemProxy;
			containerPortal = E4328143138ABC890047C5CB /* openFrameworksLib.xcodeproj */;
			proxyType = 1;
			remoteGlobalIDString = E4B27C1410CBEB8E00536013;
			remoteInfo = openFrameworks;
		};
/* End PBXContainerItemProxy section */

/* Begin PBXCopyFilesBuildPhase section */
		E4C2427710CC5ABF004149E2 /* CopyFiles */ = {
			isa = PBXCopyFilesBuildPhase;
			buildActionMask = 2147483647;
			dstPath = "";
			dstSubfolderSpec = 10;
			files = (
			);
			runOnlyForDeploymentPostprocessing = 0;
		};
/* End PBXCopyFilesBuildPhase section */

/* Begin PBXFileReference section */
		1CBD6F883000C78087DD5738 /* _kiss_fft_guts.h */ = {isa = PBXFileReference; explicitFileType = sourcecode.c.h; fileEncoding = 30; name = _kiss_fft_guts.h; path = ../../../addons/ofxFft/libs/kiss/_kiss_fft_guts.h; sourceTree = SOURCE_ROOT; };
		2D0C0AA4436B2A16530BA991 /* fftw3.h */ = {isa = PBXFileReference; explicitFileType = sourcecode.c.h; fileEncoding = 30; name = fftw3.h; path = ../../../addons/ofxFft/libs/fftw/include/fftw3.h; sourceTree = SOURCE_ROOT; };
		32CA89CD22339F4F9433CAF6 /* ofxFft.cpp */ = {isa = PBXFileReference; explicitFileType = sourcecode.cpp.cpp; fileEncoding = 30; name = ofxFft.cpp; path = ../../../addons/ofxFft/src/ofxFft.cpp; sourceTree = SOURCE_ROOT; };
		4B053B6F1252BCFCFF0F59AC /* kiss_fft.c */ = {isa = PBXFileReference; explicitFileType = sourcecode.c.c; fileEncoding = 30; name = kiss_fft.c; path = ../../../addons/ofxFft/libs/kiss/kiss_fft.c; sourceTree = SOURCE_ROOT; };
		509793381DFD56980011AE08 /* libboost_atomic-mt.dylib */ = {isa = PBXFileReference; lastKnownFileType = "compiled.mach-o.dylib"; name = "libboost_atomic-mt.dylib"; path = "../../../../../usr/local/Cellar/boost/1.62.0/lib/libboost_atomic-mt.dylib"; sourceTree = "<group>"; };
		509793391DFD56980011AE08 /* libboost_chrono-mt.dylib */ = {isa = PBXFileReference; lastKnownFileType = "compiled.mach-o.dylib"; name = "libboost_chrono-mt.dylib"; path = "../../../../../usr/local/Cellar/boost/1.62.0/lib/libboost_chrono-mt.dylib"; sourceTree = "<group>"; };
		5097933A1DFD56980011AE08 /* libboost_chrono.dylib */ = {isa = PBXFileReference; lastKnownFileType = "compiled.mach-o.dylib"; name = libboost_chrono.dylib; path = ../../../../../usr/local/Cellar/boost/1.62.0/lib/libboost_chrono.dylib; sourceTree = "<group>"; };
		5097933B1DFD56980011AE08 /* libboost_container-mt.dylib */ = {isa = PBXFileReference; lastKnownFileType = "compiled.mach-o.dylib"; name = "libboost_container-mt.dylib"; path = "../../../../../usr/local/Cellar/boost/1.62.0/lib/libboost_container-mt.dylib"; sourceTree = "<group>"; };
		5097933C1DFD56980011AE08 /* libboost_container.dylib */ = {isa = PBXFileReference; lastKnownFileType = "compiled.mach-o.dylib"; name = libboost_container.dylib; path = ../../../../../usr/local/Cellar/boost/1.62.0/lib/libboost_container.dylib; sourceTree = "<group>"; };
		5097933D1DFD56980011AE08 /* libboost_context-mt.dylib */ = {isa = PBXFileReference; lastKnownFileType = "compiled.mach-o.dylib"; name = "libboost_context-mt.dylib"; path = "../../../../../usr/local/Cellar/boost/1.62.0/lib/libboost_context-mt.dylib"; sourceTree = "<group>"; };
		5097933E1DFD56980011AE08 /* libboost_coroutine-mt.dylib */ = {isa = PBXFileReference; lastKnownFileType = "compiled.mach-o.dylib"; name = "libboost_coroutine-mt.dylib"; path = "../../../../../usr/local/Cellar/boost/1.62.0/lib/libboost_coroutine-mt.dylib"; sourceTree = "<group>"; };
		5097933F1DFD56980011AE08 /* libboost_coroutine.dylib */ = {isa = PBXFileReference; lastKnownFileType = "compiled.mach-o.dylib"; name = libboost_coroutine.dylib; path = ../../../../../usr/local/Cellar/boost/1.62.0/lib/libboost_coroutine.dylib; sourceTree = "<group>"; };
		509793401DFD56980011AE08 /* libboost_date_time-mt.dylib */ = {isa = PBXFileReference; lastKnownFileType = "compiled.mach-o.dylib"; name = "libboost_date_time-mt.dylib"; path = "../../../../../usr/local/Cellar/boost/1.62.0/lib/libboost_date_time-mt.dylib"; sourceTree = "<group>"; };
		509793411DFD56980011AE08 /* libboost_date_time.dylib */ = {isa = PBXFileReference; lastKnownFileType = "compiled.mach-o.dylib"; name = libboost_date_time.dylib; path = ../../../../../usr/local/Cellar/boost/1.62.0/lib/libboost_date_time.dylib; sourceTree = "<group>"; };
		509793421DFD56980011AE08 /* libboost_filesystem-mt.dylib */ = {isa = PBXFileReference; lastKnownFileType = "compiled.mach-o.dylib"; name = "libboost_filesystem-mt.dylib"; path = "../../../../../usr/local/Cellar/boost/1.62.0/lib/libboost_filesystem-mt.dylib"; sourceTree = "<group>"; };
		509793431DFD56980011AE08 /* libboost_filesystem.dylib */ = {isa = PBXFileReference; lastKnownFileType = "compiled.mach-o.dylib"; name = libboost_filesystem.dylib; path = ../../../../../usr/local/Cellar/boost/1.62.0/lib/libboost_filesystem.dylib; sourceTree = "<group>"; };
		509793441DFD56980011AE08 /* libboost_graph-mt.dylib */ = {isa = PBXFileReference; lastKnownFileType = "compiled.mach-o.dylib"; name = "libboost_graph-mt.dylib"; path = "../../../../../usr/local/Cellar/boost/1.62.0/lib/libboost_graph-mt.dylib"; sourceTree = "<group>"; };
		509793451DFD56980011AE08 /* libboost_graph.dylib */ = {isa = PBXFileReference; lastKnownFileType = "compiled.mach-o.dylib"; name = libboost_graph.dylib; path = ../../../../../usr/local/Cellar/boost/1.62.0/lib/libboost_graph.dylib; sourceTree = "<group>"; };
		509793461DFD56980011AE08 /* libboost_iostreams-mt.dylib */ = {isa = PBXFileReference; lastKnownFileType = "compiled.mach-o.dylib"; name = "libboost_iostreams-mt.dylib"; path = "../../../../../usr/local/Cellar/boost/1.62.0/lib/libboost_iostreams-mt.dylib"; sourceTree = "<group>"; };
		509793471DFD56980011AE08 /* libboost_iostreams.dylib */ = {isa = PBXFileReference; lastKnownFileType = "compiled.mach-o.dylib"; name = libboost_iostreams.dylib; path = ../../../../../usr/local/Cellar/boost/1.62.0/lib/libboost_iostreams.dylib; sourceTree = "<group>"; };
		509793481DFD56980011AE08 /* libboost_locale-mt.dylib */ = {isa = PBXFileReference; lastKnownFileType = "compiled.mach-o.dylib"; name = "libboost_locale-mt.dylib"; path = "../../../../../usr/local/Cellar/boost/1.62.0/lib/libboost_locale-mt.dylib"; sourceTree = "<group>"; };
		509793491DFD56980011AE08 /* libboost_log_setup-mt.dylib */ = {isa = PBXFileReference; lastKnownFileType = "compiled.mach-o.dylib"; name = "libboost_log_setup-mt.dylib"; path = "../../../../../usr/local/Cellar/boost/1.62.0/lib/libboost_log_setup-mt.dylib"; sourceTree = "<group>"; };
		5097934A1DFD56980011AE08 /* libboost_log_setup.dylib */ = {isa = PBXFileReference; lastKnownFileType = "compiled.mach-o.dylib"; name = libboost_log_setup.dylib; path = ../../../../../usr/local/Cellar/boost/1.62.0/lib/libboost_log_setup.dylib; sourceTree = "<group>"; };
		5097934B1DFD56980011AE08 /* libboost_log-mt.dylib */ = {isa = PBXFileReference; lastKnownFileType = "compiled.mach-o.dylib"; name = "libboost_log-mt.dylib"; path = "../../../../../usr/local/Cellar/boost/1.62.0/lib/libboost_log-mt.dylib"; sourceTree = "<group>"; };
		5097934C1DFD56980011AE08 /* libboost_log.dylib */ = {isa = PBXFileReference; lastKnownFileType = "compiled.mach-o.dylib"; name = libboost_log.dylib; path = ../../../../../usr/local/Cellar/boost/1.62.0/lib/libboost_log.dylib; sourceTree = "<group>"; };
		5097934D1DFD56980011AE08 /* libboost_math_c99-mt.dylib */ = {isa = PBXFileReference; lastKnownFileType = "compiled.mach-o.dylib"; name = "libboost_math_c99-mt.dylib"; path = "../../../../../usr/local/Cellar/boost/1.62.0/lib/libboost_math_c99-mt.dylib"; sourceTree = "<group>"; };
		5097934E1DFD56980011AE08 /* libboost_math_c99.dylib */ = {isa = PBXFileReference; lastKnownFileType = "compiled.mach-o.dylib"; name = libboost_math_c99.dylib; path = ../../../../../usr/local/Cellar/boost/1.62.0/lib/libboost_math_c99.dylib; sourceTree = "<group>"; };
		5097934F1DFD56980011AE08 /* libboost_math_c99f-mt.dylib */ = {isa = PBXFileReference; lastKnownFileType = "compiled.mach-o.dylib"; name = "libboost_math_c99f-mt.dylib"; path = "../../../../../usr/local/Cellar/boost/1.62.0/lib/libboost_math_c99f-mt.dylib"; sourceTree = "<group>"; };
		509793501DFD56980011AE08 /* libboost_math_c99f.dylib */ = {isa = PBXFileReference; lastKnownFileType = "compiled.mach-o.dylib"; name = libboost_math_c99f.dylib; path = ../../../../../usr/local/Cellar/boost/1.62.0/lib/libboost_math_c99f.dylib; sourceTree = "<group>"; };
		509793511DFD56980011AE08 /* libboost_math_c99l-mt.dylib */ = {isa = PBXFileReference; lastKnownFileType = "compiled.mach-o.dylib"; name = "libboost_math_c99l-mt.dylib"; path = "../../../../../usr/local/Cellar/boost/1.62.0/lib/libboost_math_c99l-mt.dylib"; sourceTree = "<group>"; };
		509793521DFD56980011AE08 /* libboost_math_c99l.dylib */ = {isa = PBXFileReference; lastKnownFileType = "compiled.mach-o.dylib"; name = libboost_math_c99l.dylib; path = ../../../../../usr/local/Cellar/boost/1.62.0/lib/libboost_math_c99l.dylib; sourceTree = "<group>"; };
		509793531DFD56980011AE08 /* libboost_math_tr1-mt.dylib */ = {isa = PBXFileReference; lastKnownFileType = "compiled.mach-o.dylib"; name = "libboost_math_tr1-mt.dylib"; path = "../../../../../usr/local/Cellar/boost/1.62.0/lib/libboost_math_tr1-mt.dylib"; sourceTree = "<group>"; };
		509793541DFD56980011AE08 /* libboost_math_tr1.dylib */ = {isa = PBXFileReference; lastKnownFileType = "compiled.mach-o.dylib"; name = libboost_math_tr1.dylib; path = ../../../../../usr/local/Cellar/boost/1.62.0/lib/libboost_math_tr1.dylib; sourceTree = "<group>"; };
		509793551DFD56980011AE08 /* libboost_math_tr1f-mt.dylib */ = {isa = PBXFileReference; lastKnownFileType = "compiled.mach-o.dylib"; name = "libboost_math_tr1f-mt.dylib"; path = "../../../../../usr/local/Cellar/boost/1.62.0/lib/libboost_math_tr1f-mt.dylib"; sourceTree = "<group>"; };
		509793561DFD56980011AE08 /* libboost_math_tr1f.dylib */ = {isa = PBXFileReference; lastKnownFileType = "compiled.mach-o.dylib"; name = libboost_math_tr1f.dylib; path = ../../../../../usr/local/Cellar/boost/1.62.0/lib/libboost_math_tr1f.dylib; sourceTree = "<group>"; };
		509793571DFD56980011AE08 /* libboost_math_tr1l-mt.dylib */ = {isa = PBXFileReference; lastKnownFileType = "compiled.mach-o.dylib"; name = "libboost_math_tr1l-mt.dylib"; path = "../../../../../usr/local/Cellar/boost/1.62.0/lib/libboost_math_tr1l-mt.dylib"; sourceTree = "<group>"; };
		509793581DFD56980011AE08 /* libboost_math_tr1l.dylib */ = {isa = PBXFileReference; lastKnownFileType = "compiled.mach-o.dylib"; name = libboost_math_tr1l.dylib; path = ../../../../../usr/local/Cellar/boost/1.62.0/lib/libboost_math_tr1l.dylib; sourceTree = "<group>"; };
		509793591DFD56980011AE08 /* libboost_prg_exec_monitor-mt.dylib */ = {isa = PBXFileReference; lastKnownFileType = "compiled.mach-o.dylib"; name = "libboost_prg_exec_monitor-mt.dylib"; path = "../../../../../usr/local/Cellar/boost/1.62.0/lib/libboost_prg_exec_monitor-mt.dylib"; sourceTree = "<group>"; };
		5097935A1DFD56980011AE08 /* libboost_prg_exec_monitor.dylib */ = {isa = PBXFileReference; lastKnownFileType = "compiled.mach-o.dylib"; name = libboost_prg_exec_monitor.dylib; path = ../../../../../usr/local/Cellar/boost/1.62.0/lib/libboost_prg_exec_monitor.dylib; sourceTree = "<group>"; };
		5097935B1DFD56980011AE08 /* libboost_program_options-mt.dylib */ = {isa = PBXFileReference; lastKnownFileType = "compiled.mach-o.dylib"; name = "libboost_program_options-mt.dylib"; path = "../../../../../usr/local/Cellar/boost/1.62.0/lib/libboost_program_options-mt.dylib"; sourceTree = "<group>"; };
		5097935C1DFD56980011AE08 /* libboost_program_options.dylib */ = {isa = PBXFileReference; lastKnownFileType = "compiled.mach-o.dylib"; name = libboost_program_options.dylib; path = ../../../../../usr/local/Cellar/boost/1.62.0/lib/libboost_program_options.dylib; sourceTree = "<group>"; };
		5097935D1DFD56980011AE08 /* libboost_random-mt.dylib */ = {isa = PBXFileReference; lastKnownFileType = "compiled.mach-o.dylib"; name = "libboost_random-mt.dylib"; path = "../../../../../usr/local/Cellar/boost/1.62.0/lib/libboost_random-mt.dylib"; sourceTree = "<group>"; };
		5097935E1DFD56980011AE08 /* libboost_random.dylib */ = {isa = PBXFileReference; lastKnownFileType = "compiled.mach-o.dylib"; name = libboost_random.dylib; path = ../../../../../usr/local/Cellar/boost/1.62.0/lib/libboost_random.dylib; sourceTree = "<group>"; };
		5097935F1DFD56980011AE08 /* libboost_regex-mt.dylib */ = {isa = PBXFileReference; lastKnownFileType = "compiled.mach-o.dylib"; name = "libboost_regex-mt.dylib"; path = "../../../../../usr/local/Cellar/boost/1.62.0/lib/libboost_regex-mt.dylib"; sourceTree = "<group>"; };
		509793601DFD56980011AE08 /* libboost_regex.dylib */ = {isa = PBXFileReference; lastKnownFileType = "compiled.mach-o.dylib"; name = libboost_regex.dylib; path = ../../../../../usr/local/Cellar/boost/1.62.0/lib/libboost_regex.dylib; sourceTree = "<group>"; };
		509793611DFD56980011AE08 /* libboost_serialization-mt.dylib */ = {isa = PBXFileReference; lastKnownFileType = "compiled.mach-o.dylib"; name = "libboost_serialization-mt.dylib"; path = "../../../../../usr/local/Cellar/boost/1.62.0/lib/libboost_serialization-mt.dylib"; sourceTree = "<group>"; };
		509793621DFD56980011AE08 /* libboost_serialization.dylib */ = {isa = PBXFileReference; lastKnownFileType = "compiled.mach-o.dylib"; name = libboost_serialization.dylib; path = ../../../../../usr/local/Cellar/boost/1.62.0/lib/libboost_serialization.dylib; sourceTree = "<group>"; };
		509793631DFD56980011AE08 /* libboost_signals-mt.dylib */ = {isa = PBXFileReference; lastKnownFileType = "compiled.mach-o.dylib"; name = "libboost_signals-mt.dylib"; path = "../../../../../usr/local/Cellar/boost/1.62.0/lib/libboost_signals-mt.dylib"; sourceTree = "<group>"; };
		509793641DFD56980011AE08 /* libboost_signals.dylib */ = {isa = PBXFileReference; lastKnownFileType = "compiled.mach-o.dylib"; name = libboost_signals.dylib; path = ../../../../../usr/local/Cellar/boost/1.62.0/lib/libboost_signals.dylib; sourceTree = "<group>"; };
		509793651DFD56980011AE08 /* libboost_system-mt.dylib */ = {isa = PBXFileReference; lastKnownFileType = "compiled.mach-o.dylib"; name = "libboost_system-mt.dylib"; path = "../../../../../usr/local/Cellar/boost/1.62.0/lib/libboost_system-mt.dylib"; sourceTree = "<group>"; };
		509793661DFD56980011AE08 /* libboost_system.dylib */ = {isa = PBXFileReference; lastKnownFileType = "compiled.mach-o.dylib"; name = libboost_system.dylib; path = ../../../../../usr/local/Cellar/boost/1.62.0/lib/libboost_system.dylib; sourceTree = "<group>"; };
		509793671DFD56980011AE08 /* libboost_thread-mt.dylib */ = {isa = PBXFileReference; lastKnownFileType = "compiled.mach-o.dylib"; name = "libboost_thread-mt.dylib"; path = "../../../../../usr/local/Cellar/boost/1.62.0/lib/libboost_thread-mt.dylib"; sourceTree = "<group>"; };
		509793681DFD56980011AE08 /* libboost_timer-mt.dylib */ = {isa = PBXFileReference; lastKnownFileType = "compiled.mach-o.dylib"; name = "libboost_timer-mt.dylib"; path = "../../../../../usr/local/Cellar/boost/1.62.0/lib/libboost_timer-mt.dylib"; sourceTree = "<group>"; };
		509793691DFD56980011AE08 /* libboost_timer.dylib */ = {isa = PBXFileReference; lastKnownFileType = "compiled.mach-o.dylib"; name = libboost_timer.dylib; path = ../../../../../usr/local/Cellar/boost/1.62.0/lib/libboost_timer.dylib; sourceTree = "<group>"; };
		5097936A1DFD56980011AE08 /* libboost_type_erasure-mt.dylib */ = {isa = PBXFileReference; lastKnownFileType = "compiled.mach-o.dylib"; name = "libboost_type_erasure-mt.dylib"; path = "../../../../../usr/local/Cellar/boost/1.62.0/lib/libboost_type_erasure-mt.dylib"; sourceTree = "<group>"; };
		5097936B1DFD56980011AE08 /* libboost_type_erasure.dylib */ = {isa = PBXFileReference; lastKnownFileType = "compiled.mach-o.dylib"; name = libboost_type_erasure.dylib; path = ../../../../../usr/local/Cellar/boost/1.62.0/lib/libboost_type_erasure.dylib; sourceTree = "<group>"; };
		5097936C1DFD56980011AE08 /* libboost_unit_test_framework-mt.dylib */ = {isa = PBXFileReference; lastKnownFileType = "compiled.mach-o.dylib"; name = "libboost_unit_test_framework-mt.dylib"; path = "../../../../../usr/local/Cellar/boost/1.62.0/lib/libboost_unit_test_framework-mt.dylib"; sourceTree = "<group>"; };
		5097936D1DFD56980011AE08 /* libboost_unit_test_framework.dylib */ = {isa = PBXFileReference; lastKnownFileType = "compiled.mach-o.dylib"; name = libboost_unit_test_framework.dylib; path = ../../../../../usr/local/Cellar/boost/1.62.0/lib/libboost_unit_test_framework.dylib; sourceTree = "<group>"; };
		5097936E1DFD56990011AE08 /* libboost_wave-mt.dylib */ = {isa = PBXFileReference; lastKnownFileType = "compiled.mach-o.dylib"; name = "libboost_wave-mt.dylib"; path = "../../../../../usr/local/Cellar/boost/1.62.0/lib/libboost_wave-mt.dylib"; sourceTree = "<group>"; };
		5097936F1DFD56990011AE08 /* libboost_wserialization-mt.dylib */ = {isa = PBXFileReference; lastKnownFileType = "compiled.mach-o.dylib"; name = "libboost_wserialization-mt.dylib"; path = "../../../../../usr/local/Cellar/boost/1.62.0/lib/libboost_wserialization-mt.dylib"; sourceTree = "<group>"; };
		509793701DFD56990011AE08 /* libboost_wserialization.dylib */ = {isa = PBXFileReference; lastKnownFileType = "compiled.mach-o.dylib"; name = libboost_wserialization.dylib; path = ../../../../../usr/local/Cellar/boost/1.62.0/lib/libboost_wserialization.dylib; sourceTree = "<group>"; };
		5F353204A917F4B2BCEEABE6 /* ofxFftw.cpp */ = {isa = PBXFileReference; explicitFileType = sourcecode.cpp.cpp; fileEncoding = 30; name = ofxFftw.cpp; path = ../../../addons/ofxFft/src/ofxFftw.cpp; sourceTree = SOURCE_ROOT; };
		67BFC7F21E824F5A7FAC65E0 /* ofxEasyFft.cpp */ = {isa = PBXFileReference; explicitFileType = sourcecode.cpp.cpp; fileEncoding = 30; name = ofxEasyFft.cpp; path = ../../../addons/ofxFft/src/ofxEasyFft.cpp; sourceTree = SOURCE_ROOT; };
		7D3BE1A2ADAFC399E7B20A91 /* ofxFftBasic.h */ = {isa = PBXFileReference; explicitFileType = sourcecode.c.h; fileEncoding = 30; name = ofxFftBasic.h; path = ../../../addons/ofxFft/src/ofxFftBasic.h; sourceTree = SOURCE_ROOT; };
		971B530AB93ACC5065D9489E /* ofxProcessFFT.cpp */ = {isa = PBXFileReference; explicitFileType = sourcecode.cpp.cpp; fileEncoding = 30; name = ofxProcessFFT.cpp; path = ../../../addons/ofxFft/src/ofxProcessFFT.cpp; sourceTree = SOURCE_ROOT; };
		977E7DDA94E88633BE025A78 /* kiss_fftr.h */ = {isa = PBXFileReference; explicitFileType = sourcecode.c.h; fileEncoding = 30; name = kiss_fftr.h; path = ../../../addons/ofxFft/libs/kiss/kiss_fftr.h; sourceTree = SOURCE_ROOT; };
		9A2FCCF1ABF23081D2CD9D5F /* ofxProcessFFT.h */ = {isa = PBXFileReference; explicitFileType = sourcecode.c.h; fileEncoding = 30; name = ofxProcessFFT.h; path = ../../../addons/ofxFft/src/ofxProcessFFT.h; sourceTree = SOURCE_ROOT; };
		A6F65D3430FD7E893FFF58F3 /* kiss_fft.h */ = {isa = PBXFileReference; explicitFileType = sourcecode.c.h; fileEncoding = 30; name = kiss_fft.h; path = ../../../addons/ofxFft/libs/kiss/kiss_fft.h; sourceTree = SOURCE_ROOT; };
		B36431C04C788FEDB1ECD8FC /* ofxFft.h */ = {isa = PBXFileReference; explicitFileType = sourcecode.c.h; fileEncoding = 30; name = ofxFft.h; path = ../../../addons/ofxFft/src/ofxFft.h; sourceTree = SOURCE_ROOT; };
		CAB67BC7A1CC020FDAC5381B /* ofxEasyFft.h */ = {isa = PBXFileReference; explicitFileType = sourcecode.c.h; fileEncoding = 30; name = ofxEasyFft.h; path = ../../../addons/ofxFft/src/ofxEasyFft.h; sourceTree = SOURCE_ROOT; };
		CE67198F2891A8FFEA3686E6 /* ofxFftBasic.cpp */ = {isa = PBXFileReference; explicitFileType = sourcecode.cpp.cpp; fileEncoding = 30; name = ofxFftBasic.cpp; path = ../../../addons/ofxFft/src/ofxFftBasic.cpp; sourceTree = SOURCE_ROOT; };
		D8952DEFF3CE56AC1009A996 /* ofxFftw.h */ = {isa = PBXFileReference; explicitFileType = sourcecode.c.h; fileEncoding = 30; name = ofxFftw.h; path = ../../../addons/ofxFft/src/ofxFftw.h; sourceTree = SOURCE_ROOT; };
		DACFE8C08D7F4619176E65D7 /* kiss_fftr.c */ = {isa = PBXFileReference; explicitFileType = sourcecode.c.c; fileEncoding = 30; name = kiss_fftr.c; path = ../../../addons/ofxFft/libs/kiss/kiss_fftr.c; sourceTree = SOURCE_ROOT; };
		E4328143138ABC890047C5CB /* openFrameworksLib.xcodeproj */ = {isa = PBXFileReference; lastKnownFileType = "wrapper.pb-project"; name = openFrameworksLib.xcodeproj; path = ../../../libs/openFrameworksCompiled/project/osx/openFrameworksLib.xcodeproj; sourceTree = SOURCE_ROOT; };
		E4B69B5B0A3A1756003C02F2 /* HolographicLampDebug.app */ = {isa = PBXFileReference; explicitFileType = wrapper.application; includeInIndex = 0; path = HolographicLampDebug.app; sourceTree = BUILT_PRODUCTS_DIR; };
		E4B69E1D0A3A1BDC003C02F2 /* main.cpp */ = {isa = PBXFileReference; fileEncoding = 30; lastKnownFileType = sourcecode.cpp.cpp; name = main.cpp; path = src/main.cpp; sourceTree = SOURCE_ROOT; };
		E4B69E1E0A3A1BDC003C02F2 /* ofApp.cpp */ = {isa = PBXFileReference; explicitFileType = sourcecode.cpp.cpp; fileEncoding = 30; name = ofApp.cpp; path = src/ofApp.cpp; sourceTree = SOURCE_ROOT; };
		E4B69E1F0A3A1BDC003C02F2 /* ofApp.h */ = {isa = PBXFileReference; fileEncoding = 30; lastKnownFileType = sourcecode.c.h; name = ofApp.h; path = src/ofApp.h; sourceTree = SOURCE_ROOT; };
		E4B6FCAD0C3E899E008CF71C /* openFrameworks-Info.plist */ = {isa = PBXFileReference; fileEncoding = 30; lastKnownFileType = text.plist.xml; path = "openFrameworks-Info.plist"; sourceTree = "<group>"; };
		E4EB691F138AFCF100A09F29 /* CoreOF.xcconfig */ = {isa = PBXFileReference; fileEncoding = 4; lastKnownFileType = text.xcconfig; name = CoreOF.xcconfig; path = ../../../libs/openFrameworksCompiled/project/osx/CoreOF.xcconfig; sourceTree = SOURCE_ROOT; };
		E4EB6923138AFD0F00A09F29 /* Project.xcconfig */ = {isa = PBXFileReference; fileEncoding = 4; lastKnownFileType = text.xcconfig; path = Project.xcconfig; sourceTree = "<group>"; };
/* End PBXFileReference section */

/* Begin PBXFrameworksBuildPhase section */
		E4B69B590A3A1756003C02F2 /* Frameworks */ = {
			isa = PBXFrameworksBuildPhase;
			buildActionMask = 2147483647;
			files = (
				509793711DFD56990011AE08 /* libboost_atomic-mt.dylib in Frameworks */,
				509793721DFD56990011AE08 /* libboost_chrono-mt.dylib in Frameworks */,
				509793731DFD56990011AE08 /* libboost_chrono.dylib in Frameworks */,
				509793741DFD56990011AE08 /* libboost_container-mt.dylib in Frameworks */,
				509793751DFD56990011AE08 /* libboost_container.dylib in Frameworks */,
				509793761DFD56990011AE08 /* libboost_context-mt.dylib in Frameworks */,
				509793771DFD56990011AE08 /* libboost_coroutine-mt.dylib in Frameworks */,
				509793781DFD56990011AE08 /* libboost_coroutine.dylib in Frameworks */,
				509793791DFD56990011AE08 /* libboost_date_time-mt.dylib in Frameworks */,
				5097937A1DFD56990011AE08 /* libboost_date_time.dylib in Frameworks */,
				5097937B1DFD56990011AE08 /* libboost_filesystem-mt.dylib in Frameworks */,
				5097937C1DFD56990011AE08 /* libboost_filesystem.dylib in Frameworks */,
				5097937D1DFD56990011AE08 /* libboost_graph-mt.dylib in Frameworks */,
				5097937E1DFD56990011AE08 /* libboost_graph.dylib in Frameworks */,
				5097937F1DFD56990011AE08 /* libboost_iostreams-mt.dylib in Frameworks */,
				509793801DFD56990011AE08 /* libboost_iostreams.dylib in Frameworks */,
				509793811DFD56990011AE08 /* libboost_locale-mt.dylib in Frameworks */,
				509793821DFD56990011AE08 /* libboost_log_setup-mt.dylib in Frameworks */,
				509793831DFD56990011AE08 /* libboost_log_setup.dylib in Frameworks */,
				509793841DFD56990011AE08 /* libboost_log-mt.dylib in Frameworks */,
				509793851DFD56990011AE08 /* libboost_log.dylib in Frameworks */,
				509793861DFD56990011AE08 /* libboost_math_c99-mt.dylib in Frameworks */,
				509793871DFD56990011AE08 /* libboost_math_c99.dylib in Frameworks */,
				509793881DFD56990011AE08 /* libboost_math_c99f-mt.dylib in Frameworks */,
				509793891DFD56990011AE08 /* libboost_math_c99f.dylib in Frameworks */,
				5097938A1DFD56990011AE08 /* libboost_math_c99l-mt.dylib in Frameworks */,
				5097938B1DFD56990011AE08 /* libboost_math_c99l.dylib in Frameworks */,
				5097938C1DFD56990011AE08 /* libboost_math_tr1-mt.dylib in Frameworks */,
				5097938D1DFD56990011AE08 /* libboost_math_tr1.dylib in Frameworks */,
				5097938E1DFD56990011AE08 /* libboost_math_tr1f-mt.dylib in Frameworks */,
				5097938F1DFD56990011AE08 /* libboost_math_tr1f.dylib in Frameworks */,
				509793901DFD56990011AE08 /* libboost_math_tr1l-mt.dylib in Frameworks */,
				509793911DFD56990011AE08 /* libboost_math_tr1l.dylib in Frameworks */,
				509793921DFD56990011AE08 /* libboost_prg_exec_monitor-mt.dylib in Frameworks */,
				509793931DFD56990011AE08 /* libboost_prg_exec_monitor.dylib in Frameworks */,
				509793941DFD56990011AE08 /* libboost_program_options-mt.dylib in Frameworks */,
				509793951DFD56990011AE08 /* libboost_program_options.dylib in Frameworks */,
				509793961DFD56990011AE08 /* libboost_random-mt.dylib in Frameworks */,
				509793971DFD56990011AE08 /* libboost_random.dylib in Frameworks */,
				509793981DFD56990011AE08 /* libboost_regex-mt.dylib in Frameworks */,
				509793991DFD56990011AE08 /* libboost_regex.dylib in Frameworks */,
				5097939A1DFD56990011AE08 /* libboost_serialization-mt.dylib in Frameworks */,
				5097939B1DFD56990011AE08 /* libboost_serialization.dylib in Frameworks */,
				5097939C1DFD56990011AE08 /* libboost_signals-mt.dylib in Frameworks */,
				5097939D1DFD56990011AE08 /* libboost_signals.dylib in Frameworks */,
				5097939E1DFD56990011AE08 /* libboost_system-mt.dylib in Frameworks */,
				5097939F1DFD56990011AE08 /* libboost_system.dylib in Frameworks */,
				509793A01DFD56990011AE08 /* libboost_thread-mt.dylib in Frameworks */,
				509793A11DFD56990011AE08 /* libboost_timer-mt.dylib in Frameworks */,
				509793A21DFD56990011AE08 /* libboost_timer.dylib in Frameworks */,
				509793A31DFD56990011AE08 /* libboost_type_erasure-mt.dylib in Frameworks */,
				509793A41DFD56990011AE08 /* libboost_type_erasure.dylib in Frameworks */,
				509793A51DFD56990011AE08 /* libboost_unit_test_framework-mt.dylib in Frameworks */,
				509793A61DFD56990011AE08 /* libboost_unit_test_framework.dylib in Frameworks */,
				509793A71DFD56990011AE08 /* libboost_wave-mt.dylib in Frameworks */,
				509793A81DFD56990011AE08 /* libboost_wserialization-mt.dylib in Frameworks */,
				509793A91DFD56990011AE08 /* libboost_wserialization.dylib in Frameworks */,
				E4328149138ABC9F0047C5CB /* openFrameworksDebug.a in Frameworks */,
			);
			runOnlyForDeploymentPostprocessing = 0;
		};
/* End PBXFrameworksBuildPhase section */

/* Begin PBXGroup section */
		14D2E3EE0233F84B1B324DD9 /* src */ = {
			isa = PBXGroup;
			children = (
				67BFC7F21E824F5A7FAC65E0 /* ofxEasyFft.cpp */,
				CAB67BC7A1CC020FDAC5381B /* ofxEasyFft.h */,
				32CA89CD22339F4F9433CAF6 /* ofxFft.cpp */,
				B36431C04C788FEDB1ECD8FC /* ofxFft.h */,
				CE67198F2891A8FFEA3686E6 /* ofxFftBasic.cpp */,
				7D3BE1A2ADAFC399E7B20A91 /* ofxFftBasic.h */,
				5F353204A917F4B2BCEEABE6 /* ofxFftw.cpp */,
				D8952DEFF3CE56AC1009A996 /* ofxFftw.h */,
				971B530AB93ACC5065D9489E /* ofxProcessFFT.cpp */,
				9A2FCCF1ABF23081D2CD9D5F /* ofxProcessFFT.h */,
			);
			name = src;
			sourceTree = "<group>";
		};
		509793371DFD56970011AE08 /* Frameworks */ = {
			isa = PBXGroup;
			children = (
				509793381DFD56980011AE08 /* libboost_atomic-mt.dylib */,
				509793391DFD56980011AE08 /* libboost_chrono-mt.dylib */,
				5097933A1DFD56980011AE08 /* libboost_chrono.dylib */,
				5097933B1DFD56980011AE08 /* libboost_container-mt.dylib */,
				5097933C1DFD56980011AE08 /* libboost_container.dylib */,
				5097933D1DFD56980011AE08 /* libboost_context-mt.dylib */,
				5097933E1DFD56980011AE08 /* libboost_coroutine-mt.dylib */,
				5097933F1DFD56980011AE08 /* libboost_coroutine.dylib */,
				509793401DFD56980011AE08 /* libboost_date_time-mt.dylib */,
				509793411DFD56980011AE08 /* libboost_date_time.dylib */,
				509793421DFD56980011AE08 /* libboost_filesystem-mt.dylib */,
				509793431DFD56980011AE08 /* libboost_filesystem.dylib */,
				509793441DFD56980011AE08 /* libboost_graph-mt.dylib */,
				509793451DFD56980011AE08 /* libboost_graph.dylib */,
				509793461DFD56980011AE08 /* libboost_iostreams-mt.dylib */,
				509793471DFD56980011AE08 /* libboost_iostreams.dylib */,
				509793481DFD56980011AE08 /* libboost_locale-mt.dylib */,
				509793491DFD56980011AE08 /* libboost_log_setup-mt.dylib */,
				5097934A1DFD56980011AE08 /* libboost_log_setup.dylib */,
				5097934B1DFD56980011AE08 /* libboost_log-mt.dylib */,
				5097934C1DFD56980011AE08 /* libboost_log.dylib */,
				5097934D1DFD56980011AE08 /* libboost_math_c99-mt.dylib */,
				5097934E1DFD56980011AE08 /* libboost_math_c99.dylib */,
				5097934F1DFD56980011AE08 /* libboost_math_c99f-mt.dylib */,
				509793501DFD56980011AE08 /* libboost_math_c99f.dylib */,
				509793511DFD56980011AE08 /* libboost_math_c99l-mt.dylib */,
				509793521DFD56980011AE08 /* libboost_math_c99l.dylib */,
				509793531DFD56980011AE08 /* libboost_math_tr1-mt.dylib */,
				509793541DFD56980011AE08 /* libboost_math_tr1.dylib */,
				509793551DFD56980011AE08 /* libboost_math_tr1f-mt.dylib */,
				509793561DFD56980011AE08 /* libboost_math_tr1f.dylib */,
				509793571DFD56980011AE08 /* libboost_math_tr1l-mt.dylib */,
				509793581DFD56980011AE08 /* libboost_math_tr1l.dylib */,
				509793591DFD56980011AE08 /* libboost_prg_exec_monitor-mt.dylib */,
				5097935A1DFD56980011AE08 /* libboost_prg_exec_monitor.dylib */,
				5097935B1DFD56980011AE08 /* libboost_program_options-mt.dylib */,
				5097935C1DFD56980011AE08 /* libboost_program_options.dylib */,
				5097935D1DFD56980011AE08 /* libboost_random-mt.dylib */,
				5097935E1DFD56980011AE08 /* libboost_random.dylib */,
				5097935F1DFD56980011AE08 /* libboost_regex-mt.dylib */,
				509793601DFD56980011AE08 /* libboost_regex.dylib */,
				509793611DFD56980011AE08 /* libboost_serialization-mt.dylib */,
				509793621DFD56980011AE08 /* libboost_serialization.dylib */,
				509793631DFD56980011AE08 /* libboost_signals-mt.dylib */,
				509793641DFD56980011AE08 /* libboost_signals.dylib */,
				509793651DFD56980011AE08 /* libboost_system-mt.dylib */,
				509793661DFD56980011AE08 /* libboost_system.dylib */,
				509793671DFD56980011AE08 /* libboost_thread-mt.dylib */,
				509793681DFD56980011AE08 /* libboost_timer-mt.dylib */,
				509793691DFD56980011AE08 /* libboost_timer.dylib */,
				5097936A1DFD56980011AE08 /* libboost_type_erasure-mt.dylib */,
				5097936B1DFD56980011AE08 /* libboost_type_erasure.dylib */,
				5097936C1DFD56980011AE08 /* libboost_unit_test_framework-mt.dylib */,
				5097936D1DFD56980011AE08 /* libboost_unit_test_framework.dylib */,
				5097936E1DFD56990011AE08 /* libboost_wave-mt.dylib */,
				5097936F1DFD56990011AE08 /* libboost_wserialization-mt.dylib */,
				509793701DFD56990011AE08 /* libboost_wserialization.dylib */,
			);
			name = Frameworks;
			sourceTree = "<group>";
		};
		6948EE371B920CB800B5AC1A /* local_addons */ = {
			isa = PBXGroup;
			children = (
			);
			name = local_addons;
			sourceTree = "<group>";
		};
		72C89FAFAC11F96856792042 /* libs */ = {
			isa = PBXGroup;
			children = (
				A0535D33570F65575182C18F /* fftw */,
				A2C4D2900B6384FDE5E77208 /* kiss */,
			);
			name = libs;
			sourceTree = "<group>";
		};
		A0535D33570F65575182C18F /* fftw */ = {
			isa = PBXGroup;
			children = (
				F2022DF37286FECB8B9BA5B2 /* include */,
			);
			name = fftw;
			sourceTree = "<group>";
		};
		A2C4D2900B6384FDE5E77208 /* kiss */ = {
			isa = PBXGroup;
			children = (
				1CBD6F883000C78087DD5738 /* _kiss_fft_guts.h */,
				4B053B6F1252BCFCFF0F59AC /* kiss_fft.c */,
				A6F65D3430FD7E893FFF58F3 /* kiss_fft.h */,
				DACFE8C08D7F4619176E65D7 /* kiss_fftr.c */,
				977E7DDA94E88633BE025A78 /* kiss_fftr.h */,
			);
			name = kiss;
			sourceTree = "<group>";
		};
		BB4B014C10F69532006C3DED /* addons */ = {
			isa = PBXGroup;
			children = (
				BBC2B4228932C2AACC6701CF /* ofxFft */,
			);
			name = addons;
			sourceTree = "<group>";
		};
		BBC2B4228932C2AACC6701CF /* ofxFft */ = {
			isa = PBXGroup;
			children = (
				14D2E3EE0233F84B1B324DD9 /* src */,
				72C89FAFAC11F96856792042 /* libs */,
			);
			name = ofxFft;
			sourceTree = "<group>";
		};
		E4328144138ABC890047C5CB /* Products */ = {
			isa = PBXGroup;
			children = (
				E4328148138ABC890047C5CB /* openFrameworksDebug.a */,
			);
			name = Products;
			sourceTree = "<group>";
		};
		E4B69B4A0A3A1720003C02F2 = {
			isa = PBXGroup;
			children = (
				E4B6FCAD0C3E899E008CF71C /* openFrameworks-Info.plist */,
				E4EB6923138AFD0F00A09F29 /* Project.xcconfig */,
				E4B69E1C0A3A1BDC003C02F2 /* src */,
				E4EEC9E9138DF44700A80321 /* openFrameworks */,
				BB4B014C10F69532006C3DED /* addons */,
				6948EE371B920CB800B5AC1A /* local_addons */,
				E4B69B5B0A3A1756003C02F2 /* HolographicLampDebug.app */,
				509793371DFD56970011AE08 /* Frameworks */,
			);
			sourceTree = "<group>";
		};
		E4B69E1C0A3A1BDC003C02F2 /* src */ = {
			isa = PBXGroup;
			children = (
				E4B69E1D0A3A1BDC003C02F2 /* main.cpp */,
				E4B69E1E0A3A1BDC003C02F2 /* ofApp.cpp */,
				E4B69E1F0A3A1BDC003C02F2 /* ofApp.h */,
			);
			path = src;
			sourceTree = SOURCE_ROOT;
		};
		E4EEC9E9138DF44700A80321 /* openFrameworks */ = {
			isa = PBXGroup;
			children = (
				E4EB691F138AFCF100A09F29 /* CoreOF.xcconfig */,
				E4328143138ABC890047C5CB /* openFrameworksLib.xcodeproj */,
			);
			name = openFrameworks;
			sourceTree = "<group>";
		};
		F2022DF37286FECB8B9BA5B2 /* include */ = {
			isa = PBXGroup;
			children = (
				2D0C0AA4436B2A16530BA991 /* fftw3.h */,
			);
			name = include;
			sourceTree = "<group>";
		};
/* End PBXGroup section */

/* Begin PBXHeadersBuildPhase section */
		509793361DFD557F0011AE08 /* Headers */ = {
			isa = PBXHeadersBuildPhase;
			buildActionMask = 2147483647;
			files = (
			);
			runOnlyForDeploymentPostprocessing = 0;
		};
/* End PBXHeadersBuildPhase section */

/* Begin PBXNativeTarget section */
		E4B69B5A0A3A1756003C02F2 /* HolographicLamp */ = {
			isa = PBXNativeTarget;
			buildConfigurationList = E4B69B5F0A3A1757003C02F2 /* Build configuration list for PBXNativeTarget "HolographicLamp" */;
			buildPhases = (
				E4B69B580A3A1756003C02F2 /* Sources */,
				E4B69B590A3A1756003C02F2 /* Frameworks */,
				E4B6FFFD0C3F9AB9008CF71C /* ShellScript */,
				E4C2427710CC5ABF004149E2 /* CopyFiles */,
				509793361DFD557F0011AE08 /* Headers */,
			);
			buildRules = (
			);
			dependencies = (
				E4EEB9AC138B136A00A80321 /* PBXTargetDependency */,
			);
			name = HolographicLamp;
			productName = myOFApp;
			productReference = E4B69B5B0A3A1756003C02F2 /* HolographicLampDebug.app */;
			productType = "com.apple.product-type.application";
		};
/* End PBXNativeTarget section */

/* Begin PBXProject section */
		E4B69B4C0A3A1720003C02F2 /* Project object */ = {
			isa = PBXProject;
			attributes = {
				LastUpgradeCheck = 0600;
			};
			buildConfigurationList = E4B69B4D0A3A1720003C02F2 /* Build configuration list for PBXProject "HolographicLamp" */;
			compatibilityVersion = "Xcode 3.2";
			developmentRegion = English;
			hasScannedForEncodings = 0;
			knownRegions = (
				English,
				Japanese,
				French,
				German,
			);
			mainGroup = E4B69B4A0A3A1720003C02F2;
			productRefGroup = E4B69B4A0A3A1720003C02F2;
			projectDirPath = "";
			projectReferences = (
				{
					ProductGroup = E4328144138ABC890047C5CB /* Products */;
					ProjectRef = E4328143138ABC890047C5CB /* openFrameworksLib.xcodeproj */;
				},
			);
			projectRoot = "";
			targets = (
				E4B69B5A0A3A1756003C02F2 /* HolographicLamp */,
			);
		};
/* End PBXProject section */

/* Begin PBXReferenceProxy section */
		E4328148138ABC890047C5CB /* openFrameworksDebug.a */ = {
			isa = PBXReferenceProxy;
			fileType = archive.ar;
			path = openFrameworksDebug.a;
			remoteRef = E4328147138ABC890047C5CB /* PBXContainerItemProxy */;
			sourceTree = BUILT_PRODUCTS_DIR;
		};
/* End PBXReferenceProxy section */

/* Begin PBXShellScriptBuildPhase section */
		E4B6FFFD0C3F9AB9008CF71C /* ShellScript */ = {
			isa = PBXShellScriptBuildPhase;
			buildActionMask = 2147483647;
			files = (
			);
			inputPaths = (
			);
			outputPaths = (
			);
			runOnlyForDeploymentPostprocessing = 0;
			shellPath = /bin/sh;
			shellScript = "mkdir -p \"$TARGET_BUILD_DIR/$PRODUCT_NAME.app/Contents/Resources/\"\n# Copy default icon file into App/Resources\nrsync -aved \"$ICON_FILE\" \"$TARGET_BUILD_DIR/$PRODUCT_NAME.app/Contents/Resources/\"\n# Copy libfmod and change install directory for fmod to run\nrsync -aved ../../../libs/fmodex/lib/osx/libfmodex.dylib \"$TARGET_BUILD_DIR/$PRODUCT_NAME.app/Contents/Frameworks/\";\ninstall_name_tool -change @executable_path/libfmodex.dylib @executable_path/../Frameworks/libfmodex.dylib \"$TARGET_BUILD_DIR/$PRODUCT_NAME.app/Contents/MacOS/$PRODUCT_NAME\";\n# Copy GLUT framework (must remove for AppStore submissions)\nrsync -aved ../../../libs/glut/lib/osx/GLUT.framework \"$TARGET_BUILD_DIR/$PRODUCT_NAME.app/Contents/Frameworks/\"\n";
		};
/* End PBXShellScriptBuildPhase section */

/* Begin PBXSourcesBuildPhase section */
		E4B69B580A3A1756003C02F2 /* Sources */ = {
			isa = PBXSourcesBuildPhase;
			buildActionMask = 2147483647;
			files = (
				E4B69E200A3A1BDC003C02F2 /* main.cpp in Sources */,
				E4B69E210A3A1BDC003C02F2 /* ofApp.cpp in Sources */,
				7A61C288AE942E5885881232 /* ofxEasyFft.cpp in Sources */,
				D409288D137DB82107887FFD /* ofxFft.cpp in Sources */,
				007F713E619B81D821BEA319 /* ofxFftBasic.cpp in Sources */,
				29938E05AF78B3DF7A591187 /* ofxFftw.cpp in Sources */,
				47741AD4D543009E4DF29CEA /* ofxProcessFFT.cpp in Sources */,
				0686C38EE993C67B96002FA1 /* kiss_fft.c in Sources */,
				6DB9E3911BA6216FE1F0E91C /* kiss_fftr.c in Sources */,
			);
			runOnlyForDeploymentPostprocessing = 0;
		};
/* End PBXSourcesBuildPhase section */

/* Begin PBXTargetDependency section */
		E4EEB9AC138B136A00A80321 /* PBXTargetDependency */ = {
			isa = PBXTargetDependency;
			name = openFrameworks;
			targetProxy = E4EEB9AB138B136A00A80321 /* PBXContainerItemProxy */;
		};
/* End PBXTargetDependency section */

/* Begin XCBuildConfiguration section */
		E4B69B4E0A3A1720003C02F2 /* Debug */ = {
			isa = XCBuildConfiguration;
			baseConfigurationReference = E4EB6923138AFD0F00A09F29 /* Project.xcconfig */;
			buildSettings = {
				CONFIGURATION_BUILD_DIR = "$(SRCROOT)/bin/";
				COPY_PHASE_STRIP = NO;
				DEAD_CODE_STRIPPING = YES;
				GCC_AUTO_VECTORIZATION = YES;
				GCC_ENABLE_SSE3_EXTENSIONS = YES;
				GCC_ENABLE_SUPPLEMENTAL_SSE3_INSTRUCTIONS = YES;
				GCC_INLINES_ARE_PRIVATE_EXTERN = NO;
				GCC_OPTIMIZATION_LEVEL = 0;
				GCC_SYMBOLS_PRIVATE_EXTERN = NO;
				GCC_WARN_ABOUT_DEPRECATED_FUNCTIONS = YES;
				GCC_WARN_ABOUT_INVALID_OFFSETOF_MACRO = NO;
				GCC_WARN_ALLOW_INCOMPLETE_PROTOCOL = NO;
				GCC_WARN_UNINITIALIZED_AUTOS = NO;
				GCC_WARN_UNUSED_VALUE = NO;
				GCC_WARN_UNUSED_VARIABLE = NO;
				HEADER_SEARCH_PATHS = (
					"$(OF_CORE_HEADERS)",
					src,
					../../../addons/ofxFft/libs,
					../../../addons/ofxFft/libs/fftw,
					../../../addons/ofxFft/libs/fftw/include,
					../../../addons/ofxFft/libs/fftw/lib,
					../../../addons/ofxFft/libs/kiss,
					../../../addons/ofxFft/src,
				);
				MACOSX_DEPLOYMENT_TARGET = 10.8;
				ONLY_ACTIVE_ARCH = YES;
				OTHER_CPLUSPLUSFLAGS = (
					"-D__MACOSX_CORE__",
					"-mtune=native",
				);
				SDKROOT = macosx;
			};
			name = Debug;
		};
		E4B69B4F0A3A1720003C02F2 /* Release */ = {
			isa = XCBuildConfiguration;
			baseConfigurationReference = E4EB6923138AFD0F00A09F29 /* Project.xcconfig */;
			buildSettings = {
				CONFIGURATION_BUILD_DIR = "$(SRCROOT)/bin/";
				COPY_PHASE_STRIP = YES;
				DEAD_CODE_STRIPPING = YES;
				GCC_AUTO_VECTORIZATION = YES;
				GCC_ENABLE_SSE3_EXTENSIONS = YES;
				GCC_ENABLE_SUPPLEMENTAL_SSE3_INSTRUCTIONS = YES;
				GCC_INLINES_ARE_PRIVATE_EXTERN = NO;
				GCC_OPTIMIZATION_LEVEL = 3;
				GCC_SYMBOLS_PRIVATE_EXTERN = NO;
				GCC_UNROLL_LOOPS = YES;
				GCC_WARN_ABOUT_DEPRECATED_FUNCTIONS = YES;
				GCC_WARN_ABOUT_INVALID_OFFSETOF_MACRO = NO;
				GCC_WARN_ALLOW_INCOMPLETE_PROTOCOL = NO;
				GCC_WARN_UNINITIALIZED_AUTOS = NO;
				GCC_WARN_UNUSED_VALUE = NO;
				GCC_WARN_UNUSED_VARIABLE = NO;
				HEADER_SEARCH_PATHS = (
					"$(OF_CORE_HEADERS)",
					src,
					../../../addons/ofxFft/libs,
					../../../addons/ofxFft/libs/fftw,
					../../../addons/ofxFft/libs/fftw/include,
					../../../addons/ofxFft/libs/fftw/lib,
					../../../addons/ofxFft/libs/kiss,
					../../../addons/ofxFft/src,
				);
				MACOSX_DEPLOYMENT_TARGET = 10.8;
				OTHER_CPLUSPLUSFLAGS = (
					"-D__MACOSX_CORE__",
					"-mtune=native",
				);
				SDKROOT = macosx;
			};
			name = Release;
		};
		E4B69B600A3A1757003C02F2 /* Debug */ = {
			isa = XCBuildConfiguration;
			baseConfigurationReference = E4EB6923138AFD0F00A09F29 /* Project.xcconfig */;
			buildSettings = {
				COMBINE_HIDPI_IMAGES = YES;
				COPY_PHASE_STRIP = NO;
				FRAMEWORK_SEARCH_PATHS = (
					"$(inherited)",
					"$(FRAMEWORK_SEARCH_PATHS_QUOTED_FOR_TARGET_1)",
				);
				FRAMEWORK_SEARCH_PATHS_QUOTED_FOR_TARGET_1 = "\"$(SRCROOT)/../../../libs/glut/lib/osx\"";
				GCC_DYNAMIC_NO_PIC = NO;
				GCC_GENERATE_DEBUGGING_SYMBOLS = YES;
				GCC_MODEL_TUNING = NONE;
				HEADER_SEARCH_PATHS = (
					"$(OF_CORE_HEADERS)",
					src,
					../../../addons/ofxFft/libs,
					../../../addons/ofxFft/libs/fftw,
					../../../addons/ofxFft/libs/fftw/include,
					../../../addons/ofxFft/libs/fftw/lib,
					../../../addons/ofxFft/libs/kiss,
					../../../addons/ofxFft/src,
					/usr/local/include,
				);
				ICON = "$(ICON_NAME_DEBUG)";
				ICON_FILE = "$(ICON_FILE_PATH)$(ICON)";
				INFOPLIST_FILE = "openFrameworks-Info.plist";
				INSTALL_PATH = /Applications;
				LIBRARY_SEARCH_PATHS = (
					"$(inherited)",
					/usr/local/Cellar/boost/1.62.0/lib,
				);
				PRODUCT_NAME = "$(TARGET_NAME)Debug";
				WRAPPER_EXTENSION = app;
			};
			name = Debug;
		};
		E4B69B610A3A1757003C02F2 /* Release */ = {
			isa = XCBuildConfiguration;
			baseConfigurationReference = E4EB6923138AFD0F00A09F29 /* Project.xcconfig */;
			buildSettings = {
				COMBINE_HIDPI_IMAGES = YES;
				COPY_PHASE_STRIP = YES;
				FRAMEWORK_SEARCH_PATHS = (
					"$(inherited)",
					"$(FRAMEWORK_SEARCH_PATHS_QUOTED_FOR_TARGET_1)",
				);
				FRAMEWORK_SEARCH_PATHS_QUOTED_FOR_TARGET_1 = "\"$(SRCROOT)/../../../libs/glut/lib/osx\"";
				GCC_GENERATE_DEBUGGING_SYMBOLS = YES;
				GCC_MODEL_TUNING = NONE;
				HEADER_SEARCH_PATHS = (
					"$(OF_CORE_HEADERS)",
					src,
					../../../addons/ofxFft/libs,
					../../../addons/ofxFft/libs/fftw,
					../../../addons/ofxFft/libs/fftw/include,
					../../../addons/ofxFft/libs/fftw/lib,
					../../../addons/ofxFft/libs/kiss,
					../../../addons/ofxFft/src,
					/usr/local/include,
				);
				ICON = "$(ICON_NAME_RELEASE)";
				ICON_FILE = "$(ICON_FILE_PATH)$(ICON)";
				INFOPLIST_FILE = "openFrameworks-Info.plist";
				INSTALL_PATH = /Applications;
				LIBRARY_SEARCH_PATHS = (
					"$(inherited)",
					/usr/local/Cellar/boost/1.62.0/lib,
				);
				PRODUCT_NAME = "$(TARGET_NAME)";
				WRAPPER_EXTENSION = app;
				baseConfigurationReference = E4EB6923138AFD0F00A09F29;
			};
			name = Release;
		};
/* End XCBuildConfiguration section */

/* Begin XCConfigurationList section */
		E4B69B4D0A3A1720003C02F2 /* Build configuration list for PBXProject "HolographicLamp" */ = {
			isa = XCConfigurationList;
			buildConfigurations = (
				E4B69B4E0A3A1720003C02F2 /* Debug */,
				E4B69B4F0A3A1720003C02F2 /* Release */,
			);
			defaultConfigurationIsVisible = 0;
			defaultConfigurationName = Release;
		};
		E4B69B5F0A3A1757003C02F2 /* Build configuration list for PBXNativeTarget "HolographicLamp" */ = {
			isa = XCConfigurationList;
			buildConfigurations = (
				E4B69B600A3A1757003C02F2 /* Debug */,
				E4B69B610A3A1757003C02F2 /* Release */,
			);
			defaultConfigurationIsVisible = 0;
			defaultConfigurationName = Release;
		};
/* End XCConfigurationList section */
	};
	rootObject = E4B69B4C0A3A1720003C02F2 /* Project object */;
}
